// !$*UTF8*$!
{
	archiveVersion = 1;
	classes = {
	};
	objectVersion = 56;
	objects = {

/* Begin PBXBuildFile section */
		33AD0F9F28F2E8B3009F9D14 /* ublinked_SwiftUIApp.swift in Sources */ = {isa = PBXBuildFile; fileRef = 33AD0F9E28F2E8B3009F9D14 /* ublinked_SwiftUIApp.swift */; };
		33AD0FA128F2E8B3009F9D14 /* ContentView.swift in Sources */ = {isa = PBXBuildFile; fileRef = 33AD0FA028F2E8B3009F9D14 /* ContentView.swift */; };
		33AD0FA328F2E8B4009F9D14 /* Assets.xcassets in Resources */ = {isa = PBXBuildFile; fileRef = 33AD0FA228F2E8B4009F9D14 /* Assets.xcassets */; };
		33AD0FA628F2E8B4009F9D14 /* Preview Assets.xcassets in Resources */ = {isa = PBXBuildFile; fileRef = 33AD0FA528F2E8B4009F9D14 /* Preview Assets.xcassets */; };
		33AD0FB028F2E8B4009F9D14 /* ublinked_SwiftUITests.swift in Sources */ = {isa = PBXBuildFile; fileRef = 33AD0FAF28F2E8B4009F9D14 /* ublinked_SwiftUITests.swift */; };
		33AD0FBA28F2E8B4009F9D14 /* ublinked_SwiftUIUITests.swift in Sources */ = {isa = PBXBuildFile; fileRef = 33AD0FB928F2E8B4009F9D14 /* ublinked_SwiftUIUITests.swift */; };
		33AD0FBC28F2E8B4009F9D14 /* ublinked_SwiftUIUITestsLaunchTests.swift in Sources */ = {isa = PBXBuildFile; fileRef = 33AD0FBB28F2E8B4009F9D14 /* ublinked_SwiftUIUITestsLaunchTests.swift */; };
		33AD0FC928F31CAD009F9D14 /* CameraView.swift in Sources */ = {isa = PBXBuildFile; fileRef = 33AD0FC828F31CAD009F9D14 /* CameraView.swift */; };
		33BF7CC728F31FE1005C64F1 /* CameraViewModel.swift in Sources */ = {isa = PBXBuildFile; fileRef = 33BF7CC628F31FE1005C64F1 /* CameraViewModel.swift */; };
/* End PBXBuildFile section */

/* Begin PBXContainerItemProxy section */
		33AD0FAC28F2E8B4009F9D14 /* PBXContainerItemProxy */ = {
			isa = PBXContainerItemProxy;
			containerPortal = 33AD0F9328F2E8B3009F9D14 /* Project object */;
			proxyType = 1;
			remoteGlobalIDString = 33AD0F9A28F2E8B3009F9D14;
			remoteInfo = ublinked_SwiftUI;
		};
		33AD0FB628F2E8B4009F9D14 /* PBXContainerItemProxy */ = {
			isa = PBXContainerItemProxy;
			containerPortal = 33AD0F9328F2E8B3009F9D14 /* Project object */;
			proxyType = 1;
			remoteGlobalIDString = 33AD0F9A28F2E8B3009F9D14;
			remoteInfo = ublinked_SwiftUI;
		};
/* End PBXContainerItemProxy section */

/* Begin PBXFileReference section */
		33AD0F9B28F2E8B3009F9D14 /* ublinked_SwiftUI.app */ = {isa = PBXFileReference; explicitFileType = wrapper.application; includeInIndex = 0; path = ublinked_SwiftUI.app; sourceTree = BUILT_PRODUCTS_DIR; };
		33AD0F9E28F2E8B3009F9D14 /* ublinked_SwiftUIApp.swift */ = {isa = PBXFileReference; lastKnownFileType = sourcecode.swift; path = ublinked_SwiftUIApp.swift; sourceTree = "<group>"; };
		33AD0FA028F2E8B3009F9D14 /* ContentView.swift */ = {isa = PBXFileReference; lastKnownFileType = sourcecode.swift; path = ContentView.swift; sourceTree = "<group>"; };
		33AD0FA228F2E8B4009F9D14 /* Assets.xcassets */ = {isa = PBXFileReference; lastKnownFileType = folder.assetcatalog; path = Assets.xcassets; sourceTree = "<group>"; };
		33AD0FA528F2E8B4009F9D14 /* Preview Assets.xcassets */ = {isa = PBXFileReference; lastKnownFileType = folder.assetcatalog; path = "Preview Assets.xcassets"; sourceTree = "<group>"; };
		33AD0FAB28F2E8B4009F9D14 /* ublinked_SwiftUITests.xctest */ = {isa = PBXFileReference; explicitFileType = wrapper.cfbundle; includeInIndex = 0; path = ublinked_SwiftUITests.xctest; sourceTree = BUILT_PRODUCTS_DIR; };
		33AD0FAF28F2E8B4009F9D14 /* ublinked_SwiftUITests.swift */ = {isa = PBXFileReference; lastKnownFileType = sourcecode.swift; path = ublinked_SwiftUITests.swift; sourceTree = "<group>"; };
		33AD0FB528F2E8B4009F9D14 /* ublinked_SwiftUIUITests.xctest */ = {isa = PBXFileReference; explicitFileType = wrapper.cfbundle; includeInIndex = 0; path = ublinked_SwiftUIUITests.xctest; sourceTree = BUILT_PRODUCTS_DIR; };
		33AD0FB928F2E8B4009F9D14 /* ublinked_SwiftUIUITests.swift */ = {isa = PBXFileReference; lastKnownFileType = sourcecode.swift; path = ublinked_SwiftUIUITests.swift; sourceTree = "<group>"; };
		33AD0FBB28F2E8B4009F9D14 /* ublinked_SwiftUIUITestsLaunchTests.swift */ = {isa = PBXFileReference; lastKnownFileType = sourcecode.swift; path = ublinked_SwiftUIUITestsLaunchTests.swift; sourceTree = "<group>"; };
		33AD0FC828F31CAD009F9D14 /* CameraView.swift */ = {isa = PBXFileReference; lastKnownFileType = sourcecode.swift; path = CameraView.swift; sourceTree = "<group>"; };
		33BF7CC628F31FE1005C64F1 /* CameraViewModel.swift */ = {isa = PBXFileReference; lastKnownFileType = sourcecode.swift; path = CameraViewModel.swift; sourceTree = "<group>"; };
/* End PBXFileReference section */

/* Begin PBXFrameworksBuildPhase section */
		33AD0F9828F2E8B3009F9D14 /* Frameworks */ = {
			isa = PBXFrameworksBuildPhase;
			buildActionMask = 2147483647;
			files = (
			);
			runOnlyForDeploymentPostprocessing = 0;
		};
		33AD0FA828F2E8B4009F9D14 /* Frameworks */ = {
			isa = PBXFrameworksBuildPhase;
			buildActionMask = 2147483647;
			files = (
			);
			runOnlyForDeploymentPostprocessing = 0;
		};
		33AD0FB228F2E8B4009F9D14 /* Frameworks */ = {
			isa = PBXFrameworksBuildPhase;
			buildActionMask = 2147483647;
			files = (
			);
			runOnlyForDeploymentPostprocessing = 0;
		};
/* End PBXFrameworksBuildPhase section */

/* Begin PBXGroup section */
		33AD0F9228F2E8B3009F9D14 = {
			isa = PBXGroup;
			children = (
				33AD0F9D28F2E8B3009F9D14 /* ublinked_SwiftUI */,
				33AD0FAE28F2E8B4009F9D14 /* ublinked_SwiftUITests */,
				33AD0FB828F2E8B4009F9D14 /* ublinked_SwiftUIUITests */,
				33AD0F9C28F2E8B3009F9D14 /* Products */,
			);
			sourceTree = "<group>";
		};
		33AD0F9C28F2E8B3009F9D14 /* Products */ = {
			isa = PBXGroup;
			children = (
				33AD0F9B28F2E8B3009F9D14 /* ublinked_SwiftUI.app */,
				33AD0FAB28F2E8B4009F9D14 /* ublinked_SwiftUITests.xctest */,
				33AD0FB528F2E8B4009F9D14 /* ublinked_SwiftUIUITests.xctest */,
			);
			name = Products;
			sourceTree = "<group>";
		};
		33AD0F9D28F2E8B3009F9D14 /* ublinked_SwiftUI */ = {
			isa = PBXGroup;
			children = (
				33AD0F9E28F2E8B3009F9D14 /* ublinked_SwiftUIApp.swift */,
				33AD0FC828F31CAD009F9D14 /* CameraView.swift */,
				33BF7CC628F31FE1005C64F1 /* CameraViewModel.swift */,
				33AD0FA028F2E8B3009F9D14 /* ContentView.swift */,
				33AD0FA228F2E8B4009F9D14 /* Assets.xcassets */,
				33AD0FA428F2E8B4009F9D14 /* Preview Content */,
			);
			path = ublinked_SwiftUI;
			sourceTree = "<group>";
		};
		33AD0FA428F2E8B4009F9D14 /* Preview Content */ = {
			isa = PBXGroup;
			children = (
				33AD0FA528F2E8B4009F9D14 /* Preview Assets.xcassets */,
			);
			path = "Preview Content";
			sourceTree = "<group>";
		};
		33AD0FAE28F2E8B4009F9D14 /* ublinked_SwiftUITests */ = {
			isa = PBXGroup;
			children = (
				33AD0FAF28F2E8B4009F9D14 /* ublinked_SwiftUITests.swift */,
			);
			path = ublinked_SwiftUITests;
			sourceTree = "<group>";
		};
		33AD0FB828F2E8B4009F9D14 /* ublinked_SwiftUIUITests */ = {
			isa = PBXGroup;
			children = (
				33AD0FB928F2E8B4009F9D14 /* ublinked_SwiftUIUITests.swift */,
				33AD0FBB28F2E8B4009F9D14 /* ublinked_SwiftUIUITestsLaunchTests.swift */,
			);
			path = ublinked_SwiftUIUITests;
			sourceTree = "<group>";
		};
/* End PBXGroup section */

/* Begin PBXNativeTarget section */
		33AD0F9A28F2E8B3009F9D14 /* ublinked_SwiftUI */ = {
			isa = PBXNativeTarget;
			buildConfigurationList = 33AD0FBF28F2E8B4009F9D14 /* Build configuration list for PBXNativeTarget "ublinked_SwiftUI" */;
			buildPhases = (
				33AD0F9728F2E8B3009F9D14 /* Sources */,
				33AD0F9828F2E8B3009F9D14 /* Frameworks */,
				33AD0F9928F2E8B3009F9D14 /* Resources */,
			);
			buildRules = (
			);
			dependencies = (
			);
			name = ublinked_SwiftUI;
			productName = ublinked_SwiftUI;
			productReference = 33AD0F9B28F2E8B3009F9D14 /* ublinked_SwiftUI.app */;
			productType = "com.apple.product-type.application";
		};
		33AD0FAA28F2E8B4009F9D14 /* ublinked_SwiftUITests */ = {
			isa = PBXNativeTarget;
			buildConfigurationList = 33AD0FC228F2E8B4009F9D14 /* Build configuration list for PBXNativeTarget "ublinked_SwiftUITests" */;
			buildPhases = (
				33AD0FA728F2E8B4009F9D14 /* Sources */,
				33AD0FA828F2E8B4009F9D14 /* Frameworks */,
				33AD0FA928F2E8B4009F9D14 /* Resources */,
			);
			buildRules = (
			);
			dependencies = (
				33AD0FAD28F2E8B4009F9D14 /* PBXTargetDependency */,
			);
			name = ublinked_SwiftUITests;
			productName = ublinked_SwiftUITests;
			productReference = 33AD0FAB28F2E8B4009F9D14 /* ublinked_SwiftUITests.xctest */;
			productType = "com.apple.product-type.bundle.unit-test";
		};
		33AD0FB428F2E8B4009F9D14 /* ublinked_SwiftUIUITests */ = {
			isa = PBXNativeTarget;
			buildConfigurationList = 33AD0FC528F2E8B4009F9D14 /* Build configuration list for PBXNativeTarget "ublinked_SwiftUIUITests" */;
			buildPhases = (
				33AD0FB128F2E8B4009F9D14 /* Sources */,
				33AD0FB228F2E8B4009F9D14 /* Frameworks */,
				33AD0FB328F2E8B4009F9D14 /* Resources */,
			);
			buildRules = (
			);
			dependencies = (
				33AD0FB728F2E8B4009F9D14 /* PBXTargetDependency */,
			);
			name = ublinked_SwiftUIUITests;
			productName = ublinked_SwiftUIUITests;
			productReference = 33AD0FB528F2E8B4009F9D14 /* ublinked_SwiftUIUITests.xctest */;
			productType = "com.apple.product-type.bundle.ui-testing";
		};
/* End PBXNativeTarget section */

/* Begin PBXProject section */
		33AD0F9328F2E8B3009F9D14 /* Project object */ = {
			isa = PBXProject;
			attributes = {
				BuildIndependentTargetsInParallel = 1;
				LastSwiftUpdateCheck = 1400;
				LastUpgradeCheck = 1400;
				TargetAttributes = {
					33AD0F9A28F2E8B3009F9D14 = {
						CreatedOnToolsVersion = 14.0.1;
					};
					33AD0FAA28F2E8B4009F9D14 = {
						CreatedOnToolsVersion = 14.0.1;
						TestTargetID = 33AD0F9A28F2E8B3009F9D14;
					};
					33AD0FB428F2E8B4009F9D14 = {
						CreatedOnToolsVersion = 14.0.1;
						TestTargetID = 33AD0F9A28F2E8B3009F9D14;
					};
				};
			};
			buildConfigurationList = 33AD0F9628F2E8B3009F9D14 /* Build configuration list for PBXProject "ublinked_SwiftUI" */;
			compatibilityVersion = "Xcode 14.0";
			developmentRegion = en;
			hasScannedForEncodings = 0;
			knownRegions = (
				en,
				Base,
			);
			mainGroup = 33AD0F9228F2E8B3009F9D14;
			productRefGroup = 33AD0F9C28F2E8B3009F9D14 /* Products */;
			projectDirPath = "";
			projectRoot = "";
			targets = (
				33AD0F9A28F2E8B3009F9D14 /* ublinked_SwiftUI */,
				33AD0FAA28F2E8B4009F9D14 /* ublinked_SwiftUITests */,
				33AD0FB428F2E8B4009F9D14 /* ublinked_SwiftUIUITests */,
			);
		};
/* End PBXProject section */

/* Begin PBXResourcesBuildPhase section */
		33AD0F9928F2E8B3009F9D14 /* Resources */ = {
			isa = PBXResourcesBuildPhase;
			buildActionMask = 2147483647;
			files = (
				33AD0FA628F2E8B4009F9D14 /* Preview Assets.xcassets in Resources */,
				33AD0FA328F2E8B4009F9D14 /* Assets.xcassets in Resources */,
			);
			runOnlyForDeploymentPostprocessing = 0;
		};
		33AD0FA928F2E8B4009F9D14 /* Resources */ = {
			isa = PBXResourcesBuildPhase;
			buildActionMask = 2147483647;
			files = (
			);
			runOnlyForDeploymentPostprocessing = 0;
		};
		33AD0FB328F2E8B4009F9D14 /* Resources */ = {
			isa = PBXResourcesBuildPhase;
			buildActionMask = 2147483647;
			files = (
			);
			runOnlyForDeploymentPostprocessing = 0;
		};
/* End PBXResourcesBuildPhase section */

/* Begin PBXSourcesBuildPhase section */
		33AD0F9728F2E8B3009F9D14 /* Sources */ = {
			isa = PBXSourcesBuildPhase;
			buildActionMask = 2147483647;
			files = (
				33AD0FC928F31CAD009F9D14 /* CameraView.swift in Sources */,
				33BF7CC728F31FE1005C64F1 /* CameraViewModel.swift in Sources */,
				33AD0FA128F2E8B3009F9D14 /* ContentView.swift in Sources */,
				33AD0F9F28F2E8B3009F9D14 /* ublinked_SwiftUIApp.swift in Sources */,
			);
			runOnlyForDeploymentPostprocessing = 0;
		};
		33AD0FA728F2E8B4009F9D14 /* Sources */ = {
			isa = PBXSourcesBuildPhase;
			buildActionMask = 2147483647;
			files = (
				33AD0FB028F2E8B4009F9D14 /* ublinked_SwiftUITests.swift in Sources */,
			);
			runOnlyForDeploymentPostprocessing = 0;
		};
		33AD0FB128F2E8B4009F9D14 /* Sources */ = {
			isa = PBXSourcesBuildPhase;
			buildActionMask = 2147483647;
			files = (
				33AD0FBC28F2E8B4009F9D14 /* ublinked_SwiftUIUITestsLaunchTests.swift in Sources */,
				33AD0FBA28F2E8B4009F9D14 /* ublinked_SwiftUIUITests.swift in Sources */,
			);
			runOnlyForDeploymentPostprocessing = 0;
		};
/* End PBXSourcesBuildPhase section */

/* Begin PBXTargetDependency section */
		33AD0FAD28F2E8B4009F9D14 /* PBXTargetDependency */ = {
			isa = PBXTargetDependency;
			target = 33AD0F9A28F2E8B3009F9D14 /* ublinked_SwiftUI */;
			targetProxy = 33AD0FAC28F2E8B4009F9D14 /* PBXContainerItemProxy */;
		};
		33AD0FB728F2E8B4009F9D14 /* PBXTargetDependency */ = {
			isa = PBXTargetDependency;
			target = 33AD0F9A28F2E8B3009F9D14 /* ublinked_SwiftUI */;
			targetProxy = 33AD0FB628F2E8B4009F9D14 /* PBXContainerItemProxy */;
		};
/* End PBXTargetDependency section */

/* Begin XCBuildConfiguration section */
		33AD0FBD28F2E8B4009F9D14 /* Debug */ = {
			isa = XCBuildConfiguration;
			buildSettings = {
				ALWAYS_SEARCH_USER_PATHS = NO;
				CLANG_ANALYZER_NONNULL = YES;
				CLANG_ANALYZER_NUMBER_OBJECT_CONVERSION = YES_AGGRESSIVE;
				CLANG_CXX_LANGUAGE_STANDARD = "gnu++20";
				CLANG_ENABLE_MODULES = YES;
				CLANG_ENABLE_OBJC_ARC = YES;
				CLANG_ENABLE_OBJC_WEAK = YES;
				CLANG_WARN_BLOCK_CAPTURE_AUTORELEASING = YES;
				CLANG_WARN_BOOL_CONVERSION = YES;
				CLANG_WARN_COMMA = YES;
				CLANG_WARN_CONSTANT_CONVERSION = YES;
				CLANG_WARN_DEPRECATED_OBJC_IMPLEMENTATIONS = YES;
				CLANG_WARN_DIRECT_OBJC_ISA_USAGE = YES_ERROR;
				CLANG_WARN_DOCUMENTATION_COMMENTS = YES;
				CLANG_WARN_EMPTY_BODY = YES;
				CLANG_WARN_ENUM_CONVERSION = YES;
				CLANG_WARN_INFINITE_RECURSION = YES;
				CLANG_WARN_INT_CONVERSION = YES;
				CLANG_WARN_NON_LITERAL_NULL_CONVERSION = YES;
				CLANG_WARN_OBJC_IMPLICIT_RETAIN_SELF = YES;
				CLANG_WARN_OBJC_LITERAL_CONVERSION = YES;
				CLANG_WARN_OBJC_ROOT_CLASS = YES_ERROR;
				CLANG_WARN_QUOTED_INCLUDE_IN_FRAMEWORK_HEADER = YES;
				CLANG_WARN_RANGE_LOOP_ANALYSIS = YES;
				CLANG_WARN_STRICT_PROTOTYPES = YES;
				CLANG_WARN_SUSPICIOUS_MOVE = YES;
				CLANG_WARN_UNGUARDED_AVAILABILITY = YES_AGGRESSIVE;
				CLANG_WARN_UNREACHABLE_CODE = YES;
				CLANG_WARN__DUPLICATE_METHOD_MATCH = YES;
				COPY_PHASE_STRIP = NO;
				DEBUG_INFORMATION_FORMAT = dwarf;
				ENABLE_STRICT_OBJC_MSGSEND = YES;
				ENABLE_TESTABILITY = YES;
				GCC_C_LANGUAGE_STANDARD = gnu11;
				GCC_DYNAMIC_NO_PIC = NO;
				GCC_NO_COMMON_BLOCKS = YES;
				GCC_OPTIMIZATION_LEVEL = 0;
				GCC_PREPROCESSOR_DEFINITIONS = (
					"DEBUG=1",
					"$(inherited)",
				);
				GCC_WARN_64_TO_32_BIT_CONVERSION = YES;
				GCC_WARN_ABOUT_RETURN_TYPE = YES_ERROR;
				GCC_WARN_UNDECLARED_SELECTOR = YES;
				GCC_WARN_UNINITIALIZED_AUTOS = YES_AGGRESSIVE;
				GCC_WARN_UNUSED_FUNCTION = YES;
				GCC_WARN_UNUSED_VARIABLE = YES;
				INFOPLIST_KEY_CFBundleDisplayName = uBlinked;
				IPHONEOS_DEPLOYMENT_TARGET = 16.0;
				MTL_ENABLE_DEBUG_INFO = INCLUDE_SOURCE;
				MTL_FAST_MATH = YES;
				ONLY_ACTIVE_ARCH = YES;
				SDKROOT = iphoneos;
				SWIFT_ACTIVE_COMPILATION_CONDITIONS = DEBUG;
				SWIFT_OPTIMIZATION_LEVEL = "-Onone";
			};
			name = Debug;
		};
		33AD0FBE28F2E8B4009F9D14 /* Release */ = {
			isa = XCBuildConfiguration;
			buildSettings = {
				ALWAYS_SEARCH_USER_PATHS = NO;
				CLANG_ANALYZER_NONNULL = YES;
				CLANG_ANALYZER_NUMBER_OBJECT_CONVERSION = YES_AGGRESSIVE;
				CLANG_CXX_LANGUAGE_STANDARD = "gnu++20";
				CLANG_ENABLE_MODULES = YES;
				CLANG_ENABLE_OBJC_ARC = YES;
				CLANG_ENABLE_OBJC_WEAK = YES;
				CLANG_WARN_BLOCK_CAPTURE_AUTORELEASING = YES;
				CLANG_WARN_BOOL_CONVERSION = YES;
				CLANG_WARN_COMMA = YES;
				CLANG_WARN_CONSTANT_CONVERSION = YES;
				CLANG_WARN_DEPRECATED_OBJC_IMPLEMENTATIONS = YES;
				CLANG_WARN_DIRECT_OBJC_ISA_USAGE = YES_ERROR;
				CLANG_WARN_DOCUMENTATION_COMMENTS = YES;
				CLANG_WARN_EMPTY_BODY = YES;
				CLANG_WARN_ENUM_CONVERSION = YES;
				CLANG_WARN_INFINITE_RECURSION = YES;
				CLANG_WARN_INT_CONVERSION = YES;
				CLANG_WARN_NON_LITERAL_NULL_CONVERSION = YES;
				CLANG_WARN_OBJC_IMPLICIT_RETAIN_SELF = YES;
				CLANG_WARN_OBJC_LITERAL_CONVERSION = YES;
				CLANG_WARN_OBJC_ROOT_CLASS = YES_ERROR;
				CLANG_WARN_QUOTED_INCLUDE_IN_FRAMEWORK_HEADER = YES;
				CLANG_WARN_RANGE_LOOP_ANALYSIS = YES;
				CLANG_WARN_STRICT_PROTOTYPES = YES;
				CLANG_WARN_SUSPICIOUS_MOVE = YES;
				CLANG_WARN_UNGUARDED_AVAILABILITY = YES_AGGRESSIVE;
				CLANG_WARN_UNREACHABLE_CODE = YES;
				CLANG_WARN__DUPLICATE_METHOD_MATCH = YES;
				COPY_PHASE_STRIP = NO;
				DEBUG_INFORMATION_FORMAT = "dwarf-with-dsym";
				ENABLE_NS_ASSERTIONS = NO;
				ENABLE_STRICT_OBJC_MSGSEND = YES;
				GCC_C_LANGUAGE_STANDARD = gnu11;
				GCC_NO_COMMON_BLOCKS = YES;
				GCC_WARN_64_TO_32_BIT_CONVERSION = YES;
				GCC_WARN_ABOUT_RETURN_TYPE = YES_ERROR;
				GCC_WARN_UNDECLARED_SELECTOR = YES;
				GCC_WARN_UNINITIALIZED_AUTOS = YES_AGGRESSIVE;
				GCC_WARN_UNUSED_FUNCTION = YES;
				GCC_WARN_UNUSED_VARIABLE = YES;
				INFOPLIST_KEY_CFBundleDisplayName = uBlinked;
				IPHONEOS_DEPLOYMENT_TARGET = 16.0;
				MTL_ENABLE_DEBUG_INFO = NO;
				MTL_FAST_MATH = YES;
				SDKROOT = iphoneos;
				SWIFT_COMPILATION_MODE = wholemodule;
				SWIFT_OPTIMIZATION_LEVEL = "-O";
				VALIDATE_PRODUCT = YES;
			};
			name = Release;
		};
		33AD0FC028F2E8B4009F9D14 /* Debug */ = {
			isa = XCBuildConfiguration;
			buildSettings = {
				ASSETCATALOG_COMPILER_APPICON_NAME = AppIcon;
				ASSETCATALOG_COMPILER_GLOBAL_ACCENT_COLOR_NAME = AccentColor;
				CODE_SIGN_STYLE = Automatic;
				CURRENT_PROJECT_VERSION = 1;
				DEVELOPMENT_ASSET_PATHS = "\"ublinked_SwiftUI/Preview Content\"";
				DEVELOPMENT_TEAM = FFJBFGGRGW;
				ENABLE_PREVIEWS = YES;
				GENERATE_INFOPLIST_FILE = YES;
				INFOPLIST_KEY_NSCameraUsageDescription = "u-Blinked을 제대로 사용하기 위해서 카메라 접근을 허용해주세요!";
				INFOPLIST_KEY_NSPhotoLibraryUsageDescription = "";
				INFOPLIST_KEY_UIApplicationSceneManifest_Generation = YES;
				INFOPLIST_KEY_UIApplicationSupportsIndirectInputEvents = YES;
				INFOPLIST_KEY_UILaunchScreen_Generation = YES;
				INFOPLIST_KEY_UISupportedInterfaceOrientations_iPad = "UIInterfaceOrientationPortrait UIInterfaceOrientationPortraitUpsideDown UIInterfaceOrientationLandscapeLeft UIInterfaceOrientationLandscapeRight";
				INFOPLIST_KEY_UISupportedInterfaceOrientations_iPhone = "UIInterfaceOrientationPortrait UIInterfaceOrientationLandscapeLeft UIInterfaceOrientationLandscapeRight";
				IPHONEOS_DEPLOYMENT_TARGET = 15.0;
				LD_RUNPATH_SEARCH_PATHS = (
					"$(inherited)",
					"@executable_path/Frameworks",
				);
				MARKETING_VERSION = 1.0;
				PRODUCT_BUNDLE_IDENTIFIER = "com.taehee.ublinked-SwiftUI";
				PRODUCT_NAME = "$(TARGET_NAME)";
				SWIFT_EMIT_LOC_STRINGS = YES;
				SWIFT_VERSION = 5.0;
				TARGETED_DEVICE_FAMILY = "1,2";
			};
			name = Debug;
		};
		33AD0FC128F2E8B4009F9D14 /* Release */ = {
			isa = XCBuildConfiguration;
			buildSettings = {
				ASSETCATALOG_COMPILER_APPICON_NAME = AppIcon;
				ASSETCATALOG_COMPILER_GLOBAL_ACCENT_COLOR_NAME = AccentColor;
				CODE_SIGN_STYLE = Automatic;
				CURRENT_PROJECT_VERSION = 1;
				DEVELOPMENT_ASSET_PATHS = "\"ublinked_SwiftUI/Preview Content\"";
				DEVELOPMENT_TEAM = FFJBFGGRGW;
				ENABLE_PREVIEWS = YES;
				GENERATE_INFOPLIST_FILE = YES;
				INFOPLIST_KEY_NSCameraUsageDescription = "u-Blinked을 제대로 사용하기 위해서 카메라 접근을 허용해주세요!";
				INFOPLIST_KEY_NSPhotoLibraryUsageDescription = "";
				INFOPLIST_KEY_UIApplicationSceneManifest_Generation = YES;
				INFOPLIST_KEY_UIApplicationSupportsIndirectInputEvents = YES;
				INFOPLIST_KEY_UILaunchScreen_Generation = YES;
				INFOPLIST_KEY_UISupportedInterfaceOrientations_iPad = "UIInterfaceOrientationPortrait UIInterfaceOrientationPortraitUpsideDown UIInterfaceOrientationLandscapeLeft UIInterfaceOrientationLandscapeRight";
				INFOPLIST_KEY_UISupportedInterfaceOrientations_iPhone = "UIInterfaceOrientationPortrait UIInterfaceOrientationLandscapeLeft UIInterfaceOrientationLandscapeRight";
				IPHONEOS_DEPLOYMENT_TARGET = 15.0;
				LD_RUNPATH_SEARCH_PATHS = (
					"$(inherited)",
					"@executable_path/Frameworks",
				);
				MARKETING_VERSION = 1.0;
				PRODUCT_BUNDLE_IDENTIFIER = "com.taehee.ublinked-SwiftUI";
				PRODUCT_NAME = "$(TARGET_NAME)";
				SWIFT_EMIT_LOC_STRINGS = YES;
				SWIFT_VERSION = 5.0;
				TARGETED_DEVICE_FAMILY = "1,2";
			};
			name = Release;
		};
		33AD0FC328F2E8B4009F9D14 /* Debug */ = {
			isa = XCBuildConfiguration;
			buildSettings = {
				ALWAYS_EMBED_SWIFT_STANDARD_LIBRARIES = YES;
				BUNDLE_LOADER = "$(TEST_HOST)";
				CODE_SIGN_STYLE = Automatic;
				CURRENT_PROJECT_VERSION = 1;
				DEVELOPMENT_TEAM = 966SGMD852;
				GENERATE_INFOPLIST_FILE = YES;
				INFOPLIST_KEY_LSApplicationCategoryType = "";
				IPHONEOS_DEPLOYMENT_TARGET = 16.0;
				MARKETING_VERSION = 1.0;
				PRODUCT_BUNDLE_IDENTIFIER = "com.taehee.ublinked-SwiftUITests";
				PRODUCT_NAME = "$(TARGET_NAME)";
				SWIFT_EMIT_LOC_STRINGS = NO;
				SWIFT_VERSION = 5.0;
				TARGETED_DEVICE_FAMILY = "1,2";
				TEST_HOST = "$(BUILT_PRODUCTS_DIR)/ublinked_SwiftUI.app/$(BUNDLE_EXECUTABLE_FOLDER_PATH)/ublinked_SwiftUI";
			};
			name = Debug;
		};
		33AD0FC428F2E8B4009F9D14 /* Release */ = {
			isa = XCBuildConfiguration;
			buildSettings = {
				ALWAYS_EMBED_SWIFT_STANDARD_LIBRARIES = YES;
				BUNDLE_LOADER = "$(TEST_HOST)";
				CODE_SIGN_STYLE = Automatic;
				CURRENT_PROJECT_VERSION = 1;
				DEVELOPMENT_TEAM = 966SGMD852;
				GENERATE_INFOPLIST_FILE = YES;
				INFOPLIST_KEY_LSApplicationCategoryType = "";
				IPHONEOS_DEPLOYMENT_TARGET = 16.0;
				MARKETING_VERSION = 1.0;
				PRODUCT_BUNDLE_IDENTIFIER = "com.taehee.ublinked-SwiftUITests";
				PRODUCT_NAME = "$(TARGET_NAME)";
				SWIFT_EMIT_LOC_STRINGS = NO;
				SWIFT_VERSION = 5.0;
				TARGETED_DEVICE_FAMILY = "1,2";
				TEST_HOST = "$(BUILT_PRODUCTS_DIR)/ublinked_SwiftUI.app/$(BUNDLE_EXECUTABLE_FOLDER_PATH)/ublinked_SwiftUI";
			};
			name = Release;
		};
		33AD0FC628F2E8B4009F9D14 /* Debug */ = {
			isa = XCBuildConfiguration;
			buildSettings = {
				ALWAYS_EMBED_SWIFT_STANDARD_LIBRARIES = YES;
				CODE_SIGN_STYLE = Automatic;
				CURRENT_PROJECT_VERSION = 1;
				DEVELOPMENT_TEAM = 966SGMD852;
				GENERATE_INFOPLIST_FILE = YES;
				MARKETING_VERSION = 1.0;
				PRODUCT_BUNDLE_IDENTIFIER = "com.taehee.ublinked-SwiftUIUITests";
				PRODUCT_NAME = "$(TARGET_NAME)";
				SWIFT_EMIT_LOC_STRINGS = NO;
				SWIFT_VERSION = 5.0;
				TARGETED_DEVICE_FAMILY = "1,2";
				TEST_TARGET_NAME = ublinked_SwiftUI;
			};
			name = Debug;
		};
		33AD0FC728F2E8B4009F9D14 /* Release */ = {
			isa = XCBuildConfiguration;
			buildSettings = {
				ALWAYS_EMBED_SWIFT_STANDARD_LIBRARIES = YES;
				CODE_SIGN_STYLE = Automatic;
				CURRENT_PROJECT_VERSION = 1;
				DEVELOPMENT_TEAM = 966SGMD852;
				GENERATE_INFOPLIST_FILE = YES;
				MARKETING_VERSION = 1.0;
				PRODUCT_BUNDLE_IDENTIFIER = "com.taehee.ublinked-SwiftUIUITests";
				PRODUCT_NAME = "$(TARGET_NAME)";
				SWIFT_EMIT_LOC_STRINGS = NO;
				SWIFT_VERSION = 5.0;
				TARGETED_DEVICE_FAMILY = "1,2";
				TEST_TARGET_NAME = ublinked_SwiftUI;
			};
			name = Release;
		};
/* End XCBuildConfiguration section */

/* Begin XCConfigurationList section */
		33AD0F9628F2E8B3009F9D14 /* Build configuration list for PBXProject "ublinked_SwiftUI" */ = {
			isa = XCConfigurationList;
			buildConfigurations = (
				33AD0FBD28F2E8B4009F9D14 /* Debug */,
				33AD0FBE28F2E8B4009F9D14 /* Release */,
			);
			defaultConfigurationIsVisible = 0;
			defaultConfigurationName = Release;
		};
		33AD0FBF28F2E8B4009F9D14 /* Build configuration list for PBXNativeTarget "ublinked_SwiftUI" */ = {
			isa = XCConfigurationList;
			buildConfigurations = (
				33AD0FC028F2E8B4009F9D14 /* Debug */,
				33AD0FC128F2E8B4009F9D14 /* Release */,
			);
			defaultConfigurationIsVisible = 0;
			defaultConfigurationName = Release;
		};
		33AD0FC228F2E8B4009F9D14 /* Build configuration list for PBXNativeTarget "ublinked_SwiftUITests" */ = {
			isa = XCConfigurationList;
			buildConfigurations = (
				33AD0FC328F2E8B4009F9D14 /* Debug */,
				33AD0FC428F2E8B4009F9D14 /* Release */,
			);
			defaultConfigurationIsVisible = 0;
			defaultConfigurationName = Release;
		};
		33AD0FC528F2E8B4009F9D14 /* Build configuration list for PBXNativeTarget "ublinked_SwiftUIUITests" */ = {
			isa = XCConfigurationList;
			buildConfigurations = (
				33AD0FC628F2E8B4009F9D14 /* Debug */,
				33AD0FC728F2E8B4009F9D14 /* Release */,
			);
			defaultConfigurationIsVisible = 0;
			defaultConfigurationName = Release;
		};
/* End XCConfigurationList section */
	};
	rootObject = 33AD0F9328F2E8B3009F9D14 /* Project object */;
}
